
Microsoft Visual Studio Solution File, Format Version 12.00
# Visual Studio 15
Project("{FAE04EC0-301F-11D3-BF4B-00C04F79EFBC}") = "Assembly-CSharp", "Assembly-CSharp.csproj", "{CF9B475E-9DB9-8560-4A18-A15D201988B8}"
EndProject
Project("{FAE04EC0-301F-11D3-BF4B-00C04F79EFBC}") = "Assembly-CSharp-Editor", "Assembly-CSharp-Editor.csproj", "{BAEBAD75-9908-1B1F-3337-C9FFBDF7AF04}"
EndProject
Global
	GlobalSection(SolutionConfigurationPlatforms) = preSolution
		Debug|Any CPU = Debug|Any CPU
		Release|Any CPU = Release|Any CPU
	EndGlobalSection
	GlobalSection(ProjectConfigurationPlatforms) = postSolution
		{CF9B475E-9DB9-8560-4A18-A15D201988B8}.Debug|Any CPU.ActiveCfg = Debug|Any CPU
		{CF9B475E-9DB9-8560-4A18-A15D201988B8}.Debug|Any CPU.Build.0 = Debug|Any CPU
		{CF9B475E-9DB9-8560-4A18-A15D201988B8}.Release|Any CPU.ActiveCfg = Release|Any CPU
		{CF9B475E-9DB9-8560-4A18-A15D201988B8}.Release|Any CPU.Build.0 = Release|Any CPU
		{BAEBAD75-9908-1B1F-3337-C9FFBDF7AF04}.Debug|Any CPU.ActiveCfg = Debug|Any CPU
		{BAEBAD75-9908-1B1F-3337-C9FFBDF7AF04}.Debug|Any CPU.Build.0 = Debug|Any CPU
		{BAEBAD75-9908-1B1F-3337-C9FFBDF7AF04}.Release|Any CPU.ActiveCfg = Release|Any CPU
		{BAEBAD75-9908-1B1F-3337-C9FFBDF7AF04}.Release|Any CPU.Build.0 = Release|Any CPU
	EndGlobalSection
	GlobalSection(SolutionProperties) = preSolution
		HideSolutionNode = FALSE
	EndGlobalSection
EndGlobal
